
Microsoft Visual Studio Solution File, Format Version 12.00
# Visual Studio 15
VisualStudioVersion = 15.0.27130.2027
MinimumVisualStudioVersion = 10.0.40219.1
Project("{2150E333-8FDC-42A3-9474-1A3956D46DE8}") = "src", "src", "{D6F93E51-E49E-435C-AC72-6F94D2C05F88}"
EndProject
Project("{2150E333-8FDC-42A3-9474-1A3956D46DE8}") = "Solution Items", "Solution Items", "{125B8F02-7549-4A65-9FB7-1AE7C43B67FA}"
	ProjectSection(SolutionItems) = preProject
		README.md = README.md
	EndProjectSection
EndProject
Project("{9A19103F-16F7-4668-BE54-9A1E7A4F7556}") = "AppPortal.Core", "src\AppPortal.Core\AppPortal.Core.csproj", "{192CE8F1-AE57-4982-BDBD-A3E59489F13D}"
EndProject
Project("{9A19103F-16F7-4668-BE54-9A1E7A4F7556}") = "AppPortal.Infrastructure", "src\AppPortal.Infrastructure\AppPortal.Infrastructure.csproj", "{83CB43AA-C5E1-4974-93A2-4B50CB1C7035}"
EndProject
Project("{9A19103F-16F7-4668-BE54-9A1E7A4F7556}") = "AppPortal.Website.Services", "src\AppPortal.Website.Services\AppPortal.Website.Services.csproj", "{B53B7928-1074-4899-9CD8-56C20DF419B8}"
EndProject
Project("{9A19103F-16F7-4668-BE54-9A1E7A4F7556}") = "AppPortal.AdminSite.Services", "src\AppPortal.AdminSite.Services\AppPortal.AdminSite.Services.csproj", "{748F202C-4BDB-4014-9D80-D10DE48DFD32}"
EndProject
Project("{9A19103F-16F7-4668-BE54-9A1E7A4F7556}") = "AppPortal.Host.Cdn", "src\AppPortal.Host.Cdn\AppPortal.Host.Cdn.csproj", "{AAFEF5AC-A33F-4AAA-A3A7-90944B0EBF01}"
EndProject
Project("{9A19103F-16F7-4668-BE54-9A1E7A4F7556}") = "AppPortal.AdminSite", "src\AppPortal.AdminSite\AppPortal.AdminSite.csproj", "{602246D1-F234-4A40-A8A9-F01926A18F60}"
EndProject
Project("{9A19103F-16F7-4668-BE54-9A1E7A4F7556}") = "AppPortal.WebSite", "src\AppPortal.WebSite\AppPortal.WebSite.csproj", "{500B6A79-F573-4287-8D7D-0C18FFDA720E}"
EndProject
Project("{9A19103F-16F7-4668-BE54-9A1E7A4F7556}") = "AppPortal.ApiHost", "src\AppPortal.ApiHost\AppPortal.ApiHost.csproj", "{D3763E6F-2A40-4F32-B92B-9442CC47A8EB}"
EndProject
Project("{9A19103F-16F7-4668-BE54-9A1E7A4F7556}") = "Fiver.Api.HttpClient", "src\Fiver.Api.HttpClient\Fiver.Api.HttpClient.csproj", "{101E2ABB-B242-4C46-A020-505D0E74A793}"
EndProject
Project("{FAE04EC0-301F-11D3-BF4B-00C04F79EFBC}") = "AppPortal.WebAll", "src\AppPortal.WebAll\AppPortal.WebAll.csproj", "{0AA7BD54-5199-4FEB-8441-DEDDC2D9215F}"
EndProject
Global
	GlobalSection(SolutionConfigurationPlatforms) = preSolution
		Debug|Any CPU = Debug|Any CPU
		Release|Any CPU = Release|Any CPU
	EndGlobalSection
	GlobalSection(ProjectConfigurationPlatforms) = postSolution
		{192CE8F1-AE57-4982-BDBD-A3E59489F13D}.Debug|Any CPU.ActiveCfg = Debug|Any CPU
		{192CE8F1-AE57-4982-BDBD-A3E59489F13D}.Debug|Any CPU.Build.0 = Debug|Any CPU
		{192CE8F1-AE57-4982-BDBD-A3E59489F13D}.Release|Any CPU.ActiveCfg = Release|Any CPU
		{192CE8F1-AE57-4982-BDBD-A3E59489F13D}.Release|Any CPU.Build.0 = Release|Any CPU
		{83CB43AA-C5E1-4974-93A2-4B50CB1C7035}.Debug|Any CPU.ActiveCfg = Debug|Any CPU
		{83CB43AA-C5E1-4974-93A2-4B50CB1C7035}.Debug|Any CPU.Build.0 = Debug|Any CPU
		{83CB43AA-C5E1-4974-93A2-4B50CB1C7035}.Release|Any CPU.ActiveCfg = Release|Any CPU
		{83CB43AA-C5E1-4974-93A2-4B50CB1C7035}.Release|Any CPU.Build.0 = Release|Any CPU
		{B53B7928-1074-4899-9CD8-56C20DF419B8}.Debug|Any CPU.ActiveCfg = Debug|Any CPU
		{B53B7928-1074-4899-9CD8-56C20DF419B8}.Debug|Any CPU.Build.0 = Debug|Any CPU
		{B53B7928-1074-4899-9CD8-56C20DF419B8}.Release|Any CPU.ActiveCfg = Release|Any CPU
		{B53B7928-1074-4899-9CD8-56C20DF419B8}.Release|Any CPU.Build.0 = Release|Any CPU
		{748F202C-4BDB-4014-9D80-D10DE48DFD32}.Debug|Any CPU.ActiveCfg = Debug|Any CPU
		{748F202C-4BDB-4014-9D80-D10DE48DFD32}.Debug|Any CPU.Build.0 = Debug|Any CPU
		{748F202C-4BDB-4014-9D80-D10DE48DFD32}.Release|Any CPU.ActiveCfg = Release|Any CPU
		{748F202C-4BDB-4014-9D80-D10DE48DFD32}.Release|Any CPU.Build.0 = Release|Any CPU
		{AAFEF5AC-A33F-4AAA-A3A7-90944B0EBF01}.Debug|Any CPU.ActiveCfg = Debug|Any CPU
		{AAFEF5AC-A33F-4AAA-A3A7-90944B0EBF01}.Debug|Any CPU.Build.0 = Debug|Any CPU
		{AAFEF5AC-A33F-4AAA-A3A7-90944B0EBF01}.Release|Any CPU.ActiveCfg = Release|Any CPU
		{AAFEF5AC-A33F-4AAA-A3A7-90944B0EBF01}.Release|Any CPU.Build.0 = Release|Any CPU
		{602246D1-F234-4A40-A8A9-F01926A18F60}.Debug|Any CPU.ActiveCfg = Debug|Any CPU
		{602246D1-F234-4A40-A8A9-F01926A18F60}.Debug|Any CPU.Build.0 = Debug|Any CPU
		{602246D1-F234-4A40-A8A9-F01926A18F60}.Release|Any CPU.ActiveCfg = Release|Any CPU
		{602246D1-F234-4A40-A8A9-F01926A18F60}.Release|Any CPU.Build.0 = Release|Any CPU
		{500B6A79-F573-4287-8D7D-0C18FFDA720E}.Debug|Any CPU.ActiveCfg = Debug|Any CPU
		{500B6A79-F573-4287-8D7D-0C18FFDA720E}.Debug|Any CPU.Build.0 = Debug|Any CPU
		{500B6A79-F573-4287-8D7D-0C18FFDA720E}.Release|Any CPU.ActiveCfg = Release|Any CPU
		{500B6A79-F573-4287-8D7D-0C18FFDA720E}.Release|Any CPU.Build.0 = Release|Any CPU
		{D3763E6F-2A40-4F32-B92B-9442CC47A8EB}.Debug|Any CPU.ActiveCfg = Debug|Any CPU
		{D3763E6F-2A40-4F32-B92B-9442CC47A8EB}.Debug|Any CPU.Build.0 = Debug|Any CPU
		{D3763E6F-2A40-4F32-B92B-9442CC47A8EB}.Release|Any CPU.ActiveCfg = Release|Any CPU
		{D3763E6F-2A40-4F32-B92B-9442CC47A8EB}.Release|Any CPU.Build.0 = Release|Any CPU
		{101E2ABB-B242-4C46-A020-505D0E74A793}.Debug|Any CPU.ActiveCfg = Debug|Any CPU
		{101E2ABB-B242-4C46-A020-505D0E74A793}.Debug|Any CPU.Build.0 = Debug|Any CPU
		{101E2ABB-B242-4C46-A020-505D0E74A793}.Release|Any CPU.ActiveCfg = Release|Any CPU
		{101E2ABB-B242-4C46-A020-505D0E74A793}.Release|Any CPU.Build.0 = Release|Any CPU
		{0AA7BD54-5199-4FEB-8441-DEDDC2D9215F}.Debug|Any CPU.ActiveCfg = Debug|Any CPU
		{0AA7BD54-5199-4FEB-8441-DEDDC2D9215F}.Debug|Any CPU.Build.0 = Debug|Any CPU
		{0AA7BD54-5199-4FEB-8441-DEDDC2D9215F}.Release|Any CPU.ActiveCfg = Release|Any CPU
		{0AA7BD54-5199-4FEB-8441-DEDDC2D9215F}.Release|Any CPU.Build.0 = Release|Any CPU
	EndGlobalSection
	GlobalSection(SolutionProperties) = preSolution
		HideSolutionNode = FALSE
	EndGlobalSection
	GlobalSection(NestedProjects) = preSolution
		{192CE8F1-AE57-4982-BDBD-A3E59489F13D} = {D6F93E51-E49E-435C-AC72-6F94D2C05F88}
		{83CB43AA-C5E1-4974-93A2-4B50CB1C7035} = {D6F93E51-E49E-435C-AC72-6F94D2C05F88}
		{B53B7928-1074-4899-9CD8-56C20DF419B8} = {D6F93E51-E49E-435C-AC72-6F94D2C05F88}
		{748F202C-4BDB-4014-9D80-D10DE48DFD32} = {D6F93E51-E49E-435C-AC72-6F94D2C05F88}
		{AAFEF5AC-A33F-4AAA-A3A7-90944B0EBF01} = {D6F93E51-E49E-435C-AC72-6F94D2C05F88}
		{602246D1-F234-4A40-A8A9-F01926A18F60} = {D6F93E51-E49E-435C-AC72-6F94D2C05F88}
		{500B6A79-F573-4287-8D7D-0C18FFDA720E} = {D6F93E51-E49E-435C-AC72-6F94D2C05F88}
		{D3763E6F-2A40-4F32-B92B-9442CC47A8EB} = {D6F93E51-E49E-435C-AC72-6F94D2C05F88}
		{101E2ABB-B242-4C46-A020-505D0E74A793} = {D6F93E51-E49E-435C-AC72-6F94D2C05F88}
		{0AA7BD54-5199-4FEB-8441-DEDDC2D9215F} = {D6F93E51-E49E-435C-AC72-6F94D2C05F88}
	EndGlobalSection
	GlobalSection(ExtensibilityGlobals) = postSolution
		SolutionGuid = {418A4B1E-3441-4251-B1F2-C232FF671E8E}
	EndGlobalSection
EndGlobal
